
Microsoft Visual Studio Solution File, Format Version 12.00
# Visual Studio Version 17
VisualStudioVersion = 17.7.34221.43
MinimumVisualStudioVersion = 10.0.40219.1
Project("{FAE04EC0-301F-11D3-BF4B-00C04F79EFBC}") = "Codicao", "Codicao\Codicao.csproj", "{79C7008A-6726-458A-8279-783D994D59A5}"
EndProject
Global
	GlobalSection(SolutionConfigurationPlatforms) = preSolution
		Debug|Any CPU = Debug|Any CPU
		Release|Any CPU = Release|Any CPU
	EndGlobalSection
	GlobalSection(ProjectConfigurationPlatforms) = postSolution
		{79C7008A-6726-458A-8279-783D994D59A5}.Debug|Any CPU.ActiveCfg = Debug|Any CPU
		{79C7008A-6726-458A-8279-783D994D59A5}.Debug|Any CPU.Build.0 = Debug|Any CPU
		{79C7008A-6726-458A-8279-783D994D59A5}.Release|Any CPU.ActiveCfg = Release|Any CPU
		{79C7008A-6726-458A-8279-783D994D59A5}.Release|Any CPU.Build.0 = Release|Any CPU
	EndGlobalSection
	GlobalSection(SolutionProperties) = preSolution
		HideSolutionNode = FALSE
	EndGlobalSection
	GlobalSection(ExtensibilityGlobals) = postSolution
		SolutionGuid = {1B8B4CBC-D1AA-4B7D-A09A-C6D6B2EC8CDA}
	EndGlobalSection
EndGlobal
