
Microsoft Visual Studio Solution File, Format Version 12.00
# Visual Studio Version 17
VisualStudioVersion = 17.7.34221.43
MinimumVisualStudioVersion = 10.0.40219.1
Project("{FAE04EC0-301F-11D3-BF4B-00C04F79EFBC}") = "MultiplicarMatrizes", "MultiplicarMatrizes\MultiplicarMatrizes.csproj", "{683DE030-49BC-462A-B044-A992F4BA5D52}"
EndProject
Global
	GlobalSection(SolutionConfigurationPlatforms) = preSolution
		Debug|Any CPU = Debug|Any CPU
		Release|Any CPU = Release|Any CPU
	EndGlobalSection
	GlobalSection(ProjectConfigurationPlatforms) = postSolution
		{683DE030-49BC-462A-B044-A992F4BA5D52}.Debug|Any CPU.ActiveCfg = Debug|Any CPU
		{683DE030-49BC-462A-B044-A992F4BA5D52}.Debug|Any CPU.Build.0 = Debug|Any CPU
		{683DE030-49BC-462A-B044-A992F4BA5D52}.Release|Any CPU.ActiveCfg = Release|Any CPU
		{683DE030-49BC-462A-B044-A992F4BA5D52}.Release|Any CPU.Build.0 = Release|Any CPU
	EndGlobalSection
	GlobalSection(SolutionProperties) = preSolution
		HideSolutionNode = FALSE
	EndGlobalSection
	GlobalSection(ExtensibilityGlobals) = postSolution
		SolutionGuid = {E655C235-DD2D-497D-8B13-2E03C0279836}
	EndGlobalSection
EndGlobal
